<?xml version="1.0" encoding="utf-8"?>
<Project ToolsVersion="4.0" xmlns="http://schemas.microsoft.com/developer/msbuild/2003">
  <ItemGroup>
    <Filter Include="Source Files">
      <UniqueIdentifier>{4FC737F1-C7A5-4376-A066-2A32D752A2FF}</UniqueIdentifier>
      <Extensions>cpp;c;cc;cxx;c++;cppm;ixx;def;odl;idl;hpj;bat;asm;asmx</Extensions>
    </Filter>
    <Filter Include="Header Files">
      <UniqueIdentifier>{93995380-89BD-4b04-88EB-625FBE52EBFB}</UniqueIdentifier>
      <Extensions>h;hh;hpp;hxx;h++;hm;inl;inc;ipp;xsd</Extensions>
    </Filter>
    <Filter Include="Resource Files">
      <UniqueIdentifier>{67DA6AB6-F800-4c08-8B7A-83BB121AAD01}</UniqueIdentifier>
      <Extensions>rc;ico;cur;bmp;dlg;rc2;rct;bin;rgs;gif;jpg;jpeg;jpe;resx;tiff;tif;png;wav;mfcribbon-ms</Extensions>
    </Filter>
  </ItemGroup>
  <ItemGroup>
    <ClInclude Include="..\atque.h">
      <Filter>Header Files</Filter>
    </ClInclude>
    <ClInclude Include="..\CLUTResource.h">
      <Filter>Header Files</Filter>
    </ClInclude>
    <ClInclude Include="..\EasyBMP.h">
      <Filter>Header Files</Filter>
    </ClInclude>
    <ClInclude Include="..\EasyBMP_BMP.h">
      <Filter>Header Files</Filter>
    </ClInclude>
    <ClInclude Include="..\EasyBMP_DataStructures.h">
      <Filter>Header Files</Filter>
    </ClInclude>
    <ClInclude Include="..\EasyBMP_VariousBMPutilities.h">
      <Filter>Header Files</Filter>
    </ClInclude>
    <ClInclude Include="..\MacBinaryII.h">
      <Filter>Header Files</Filter>
    </ClInclude>
    <ClInclude Include="..\merge.h">
      <Filter>Header Files</Filter>
    </ClInclude>
    <ClInclude Include="..\PICTResource.h">
      <Filter>Header Files</Filter>
    </ClInclude>
    <ClInclude Include="..\ResourceManager.h">
      <Filter>Header Files</Filter>
    </ClInclude>
    <ClInclude Include="..\SndResource.h">
      <Filter>Header Files</Filter>
    </ClInclude>
    <ClInclude Include="..\split.h">
      <Filter>Header Files</Filter>
    </ClInclude>
    <ClInclude Include="..\ferro\AStream.h">
      <Filter>Header Files</Filter>
    </ClInclude>
    <ClInclude Include="..\ferro\cstypes.h">
      <Filter>Header Files</Filter>
    </ClInclude>
    <ClInclude Include="..\ferro\macroman.h">
      <Filter>Header Files</Filter>
    </ClInclude>
    <ClInclude Include="..\ferro\MapInfoChunk.h">
      <Filter>Header Files</Filter>
    </ClInclude>
    <ClInclude Include="..\ferro\ScriptChunk.h">
      <Filter>Header Files</Filter>
    </ClInclude>
    <ClInclude Include="..\ferro\TerminalChunk.h">
      <Filter>Header Files</Filter>
    </ClInclude>
    <ClInclude Include="..\ferro\Wad.h">
      <Filter>Header Files</Filter>
    </ClInclude>
    <ClInclude Include="..\ferro\Wadfile.h">
      <Filter>Header Files</Filter>
    </ClInclude>
  </ItemGroup>
  <ItemGroup>
    <ClCompile Include="..\ferro\AStream.cpp">
      <Filter>Source Files</Filter>
    </ClCompile>
    <ClCompile Include="..\ferro\macroman.cpp">
      <Filter>Source Files</Filter>
    </ClCompile>
    <ClCompile Include="..\ferro\MapInfoChunk.cpp">
      <Filter>Source Files</Filter>
    </ClCompile>
    <ClCompile Include="..\ferro\ScriptChunk.cpp">
      <Filter>Source Files</Filter>
    </ClCompile>
    <ClCompile Include="..\ferro\TerminalChunk.cpp">
      <Filter>Source Files</Filter>
    </ClCompile>
    <ClCompile Include="..\ferro\Wad.cpp">
      <Filter>Source Files</Filter>
    </ClCompile>
    <ClCompile Include="..\ferro\Wadfile.cpp">
      <Filter>Source Files</Filter>
    </ClCompile>
    <ClCompile Include="..\atque.cpp">
      <Filter>Source Files</Filter>
    </ClCompile>
    <ClCompile Include="..\MacBinaryII.cpp">
      <Filter>Source Files</Filter>
    </ClCompile>
    <ClCompile Include="..\merge.cpp">
      <Filter>Source Files</Filter>
    </ClCompile>
    <ClCompile Include="..\PICTResource.cpp">
      <Filter>Source Files</Filter>
    </ClCompile>
    <ClCompile Include="..\ResourceManager.cpp">
      <Filter>Source Files</Filter>
    </ClCompile>
    <ClCompile Include="..\SndResource.cpp">
      <Filter>Source Files</Filter>
    </ClCompile>
    <ClCompile Include="..\split.cpp">
      <Filter>Source Files</Filter>
    </ClCompile>
    <ClCompile Include="..\EasyBMP.cpp">
      <Filter>Source Files</Filter>
    </ClCompile>
    <ClCompile Include="..\CLUTResource.cpp">
      <Filter>Source Files</Filter>
    </ClCompile>
  </ItemGroup>
  <ItemGroup>
    <ResourceCompile Include="..\atque.rc">
      <Filter>Resource Files</Filter>
    </ResourceCompile>
  </ItemGroup>
</Project>