// !$*UTF8*$!
{
	archiveVersion = 1;
	classes = {
	};
	objectVersion = 42;
	objects = {

/* Begin PBXBuildFile section */
		AE16C0230E760F4800710B6E /* atque.icns in Resources */ = {isa = PBXBuildFile; fileRef = AE16C0220E760F4800710B6E /* atque.icns */; };
		AE16C02A0E760FB800710B6E /* libsndfile.framework in CopyFiles */ = {isa = PBXBuildFile; fileRef = AE175F4E0E74BAE1005BE1E9 /* libsndfile.framework */; };
		AE175F470E74BAAA005BE1E9 /* atque.cpp in Sources */ = {isa = PBXBuildFile; fileRef = AE175F360E74BAAA005BE1E9 /* atque.cpp */; };
		AE175F480E74BAAA005BE1E9 /* CLUTResource.cpp in Sources */ = {isa = PBXBuildFile; fileRef = AE175F380E74BAAA005BE1E9 /* CLUTResource.cpp */; };
		AE175F490E74BAAA005BE1E9 /* EasyBMP.cpp in Sources */ = {isa = PBXBuildFile; fileRef = AE175F3A0E74BAAA005BE1E9 /* EasyBMP.cpp */; };
		AE175F4A0E74BAAA005BE1E9 /* merge.cpp in Sources */ = {isa = PBXBuildFile; fileRef = AE175F3F0E74BAAA005BE1E9 /* merge.cpp */; };
		AE175F4B0E74BAAA005BE1E9 /* PICTResource.cpp in Sources */ = {isa = PBXBuildFile; fileRef = AE175F410E74BAAA005BE1E9 /* PICTResource.cpp */; };
		AE175F4C0E74BAAA005BE1E9 /* SndResource.cpp in Sources */ = {isa = PBXBuildFile; fileRef = AE175F430E74BAAA005BE1E9 /* SndResource.cpp */; };
		AE175F4D0E74BAAA005BE1E9 /* split.cpp in Sources */ = {isa = PBXBuildFile; fileRef = AE175F450E74BAAA005BE1E9 /* split.cpp */; };
		AE175F4F0E74BAE1005BE1E9 /* libsndfile.framework in Frameworks */ = {isa = PBXBuildFile; fileRef = AE175F4E0E74BAE1005BE1E9 /* libsndfile.framework */; };
/* End PBXBuildFile section */

/* Begin PBXCopyFilesBuildPhase section */
		AE16C0280E760FA700710B6E /* CopyFiles */ = {
			isa = PBXCopyFilesBuildPhase;
			buildActionMask = 2147483647;
			dstPath = "";
			dstSubfolderSpec = 10;
			files = (
				AE16C02A0E760FB800710B6E /* libsndfile.framework in CopyFiles */,
			);
			runOnlyForDeploymentPostprocessing = 0;
		};
/* End PBXCopyFilesBuildPhase section */

/* Begin PBXFileReference section */
		AE16C0220E760F4800710B6E /* atque.icns */ = {isa = PBXFileReference; lastKnownFileType = image.icns; path = atque.icns; sourceTree = "<group>"; };
		AE175F2E0E74BA63005BE1E9 /* Atque.app */ = {isa = PBXFileReference; explicitFileType = wrapper.application; includeInIndex = 0; path = Atque.app; sourceTree = BUILT_PRODUCTS_DIR; };
		AE175F310E74BA63005BE1E9 /* Atque-Info.plist */ = {isa = PBXFileReference; lastKnownFileType = text.xml; path = "Atque-Info.plist"; sourceTree = "<group>"; };
		AE175F360E74BAAA005BE1E9 /* atque.cpp */ = {isa = PBXFileReference; fileEncoding = 30; lastKnownFileType = sourcecode.cpp.cpp; path = atque.cpp; sourceTree = "<group>"; };
		AE175F370E74BAAA005BE1E9 /* atque.h */ = {isa = PBXFileReference; fileEncoding = 30; lastKnownFileType = sourcecode.c.h; path = atque.h; sourceTree = "<group>"; };
		AE175F380E74BAAA005BE1E9 /* CLUTResource.cpp */ = {isa = PBXFileReference; fileEncoding = 30; lastKnownFileType = sourcecode.cpp.cpp; path = CLUTResource.cpp; sourceTree = "<group>"; };
		AE175F390E74BAAA005BE1E9 /* CLUTResource.h */ = {isa = PBXFileReference; fileEncoding = 30; lastKnownFileType = sourcecode.c.h; path = CLUTResource.h; sourceTree = "<group>"; };
		AE175F3A0E74BAAA005BE1E9 /* EasyBMP.cpp */ = {isa = PBXFileReference; fileEncoding = 30; lastKnownFileType = sourcecode.cpp.cpp; path = EasyBMP.cpp; sourceTree = "<group>"; };
		AE175F3B0E74BAAA005BE1E9 /* EasyBMP.h */ = {isa = PBXFileReference; fileEncoding = 30; lastKnownFileType = sourcecode.c.h; path = EasyBMP.h; sourceTree = "<group>"; };
		AE175F3C0E74BAAA005BE1E9 /* EasyBMP_BMP.h */ = {isa = PBXFileReference; fileEncoding = 30; lastKnownFileType = sourcecode.c.h; path = EasyBMP_BMP.h; sourceTree = "<group>"; };
		AE175F3D0E74BAAA005BE1E9 /* EasyBMP_DataStructures.h */ = {isa = PBXFileReference; fileEncoding = 30; lastKnownFileType = sourcecode.c.h; path = EasyBMP_DataStructures.h; sourceTree = "<group>"; };
		AE175F3E0E74BAAA005BE1E9 /* EasyBMP_VariousBMPutilities.h */ = {isa = PBXFileReference; fileEncoding = 30; lastKnownFileType = sourcecode.c.h; path = EasyBMP_VariousBMPutilities.h; sourceTree = "<group>"; };
		AE175F3F0E74BAAA005BE1E9 /* merge.cpp */ = {isa = PBXFileReference; fileEncoding = 30; lastKnownFileType = sourcecode.cpp.cpp; path = merge.cpp; sourceTree = "<group>"; };
		AE175F400E74BAAA005BE1E9 /* merge.h */ = {isa = PBXFileReference; fileEncoding = 30; lastKnownFileType = sourcecode.c.h; path = merge.h; sourceTree = "<group>"; };
		AE175F410E74BAAA005BE1E9 /* PICTResource.cpp */ = {isa = PBXFileReference; fileEncoding = 30; lastKnownFileType = sourcecode.cpp.cpp; path = PICTResource.cpp; sourceTree = "<group>"; };
		AE175F420E74BAAA005BE1E9 /* PICTResource.h */ = {isa = PBXFileReference; fileEncoding = 30; lastKnownFileType = sourcecode.c.h; path = PICTResource.h; sourceTree = "<group>"; };
		AE175F430E74BAAA005BE1E9 /* SndResource.cpp */ = {isa = PBXFileReference; fileEncoding = 30; lastKnownFileType = sourcecode.cpp.cpp; path = SndResource.cpp; sourceTree = "<group>"; };
		AE175F440E74BAAA005BE1E9 /* SndResource.h */ = {isa = PBXFileReference; fileEncoding = 30; lastKnownFileType = sourcecode.c.h; path = SndResource.h; sourceTree = "<group>"; };
		AE175F450E74BAAA005BE1E9 /* split.cpp */ = {isa = PBXFileReference; fileEncoding = 30; lastKnownFileType = sourcecode.cpp.cpp; path = split.cpp; sourceTree = "<group>"; };
		AE175F460E74BAAA005BE1E9 /* split.h */ = {isa = PBXFileReference; fileEncoding = 30; lastKnownFileType = sourcecode.c.h; path = split.h; sourceTree = "<group>"; };
		AE175F4E0E74BAE1005BE1E9 /* libsndfile.framework */ = {isa = PBXFileReference; lastKnownFileType = wrapper.framework; name = libsndfile.framework; path = /Library/Frameworks/libsndfile.framework; sourceTree = "<absolute>"; };
/* End PBXFileReference section */

/* Begin PBXFrameworksBuildPhase section */
		AE175F2C0E74BA63005BE1E9 /* Frameworks */ = {
			isa = PBXFrameworksBuildPhase;
			buildActionMask = 2147483647;
			files = (
				AE175F4F0E74BAE1005BE1E9 /* libsndfile.framework in Frameworks */,
			);
			runOnlyForDeploymentPostprocessing = 0;
		};
/* End PBXFrameworksBuildPhase section */

/* Begin PBXGroup section */
		AE16C01D0E760F1400710B6E /* Resources */ = {
			isa = PBXGroup;
			children = (
				AE16C0220E760F4800710B6E /* atque.icns */,
				AE175F4E0E74BAE1005BE1E9 /* libsndfile.framework */,
			);
			name = Resources;
			sourceTree = "<group>";
		};
		AE175F1D0E74BA52005BE1E9 = {
			isa = PBXGroup;
			children = (
				AE175F360E74BAAA005BE1E9 /* atque.cpp */,
				AE175F370E74BAAA005BE1E9 /* atque.h */,
				AE175F380E74BAAA005BE1E9 /* CLUTResource.cpp */,
				AE175F390E74BAAA005BE1E9 /* CLUTResource.h */,
				AE175F3A0E74BAAA005BE1E9 /* EasyBMP.cpp */,
				AE175F3B0E74BAAA005BE1E9 /* EasyBMP.h */,
				AE175F3C0E74BAAA005BE1E9 /* EasyBMP_BMP.h */,
				AE175F3D0E74BAAA005BE1E9 /* EasyBMP_DataStructures.h */,
				AE175F3E0E74BAAA005BE1E9 /* EasyBMP_VariousBMPutilities.h */,
				AE175F3F0E74BAAA005BE1E9 /* merge.cpp */,
				AE175F400E74BAAA005BE1E9 /* merge.h */,
				AE175F410E74BAAA005BE1E9 /* PICTResource.cpp */,
				AE175F420E74BAAA005BE1E9 /* PICTResource.h */,
				AE175F430E74BAAA005BE1E9 /* SndResource.cpp */,
				AE175F440E74BAAA005BE1E9 /* SndResource.h */,
				AE175F450E74BAAA005BE1E9 /* split.cpp */,
				AE175F460E74BAAA005BE1E9 /* split.h */,
				AE175F2F0E74BA63005BE1E9 /* Products */,
				AE16C01D0E760F1400710B6E /* Resources */,
				AE175F310E74BA63005BE1E9 /* Atque-Info.plist */,
			);
			sourceTree = "<group>";
		};
		AE175F2F0E74BA63005BE1E9 /* Products */ = {
			isa = PBXGroup;
			children = (
				AE175F2E0E74BA63005BE1E9 /* Atque.app */,
			);
			name = Products;
			sourceTree = "<group>";
		};
/* End PBXGroup section */

/* Begin PBXNativeTarget section */
		AE175F2D0E74BA63005BE1E9 /* Atque */ = {
			isa = PBXNativeTarget;
			buildConfigurationList = AE175F320E74BA64005BE1E9 /* Build configuration list for PBXNativeTarget "Atque" */;
			buildPhases = (
				AE175F2A0E74BA63005BE1E9 /* Resources */,
				AE175F2B0E74BA63005BE1E9 /* Sources */,
				AE175F2C0E74BA63005BE1E9 /* Frameworks */,
				AE16C0280E760FA700710B6E /* CopyFiles */,
			);
			buildRules = (
			);
			dependencies = (
			);
			name = Atque;
			productName = Atque;
			productReference = AE175F2E0E74BA63005BE1E9 /* Atque.app */;
			productType = "com.apple.product-type.application";
		};
/* End PBXNativeTarget section */

/* Begin PBXProject section */
		AE175F1F0E74BA52005BE1E9 /* Project object */ = {
			isa = PBXProject;
			buildConfigurationList = AE175F200E74BA52005BE1E9 /* Build configuration list for PBXProject "atque" */;
			hasScannedForEncodings = 0;
			mainGroup = AE175F1D0E74BA52005BE1E9;
			productRefGroup = AE175F2F0E74BA63005BE1E9 /* Products */;
			projectDirPath = "";
			targets = (
				AE175F2D0E74BA63005BE1E9 /* Atque */,
			);
		};
/* End PBXProject section */

/* Begin PBXResourcesBuildPhase section */
		AE175F2A0E74BA63005BE1E9 /* Resources */ = {
			isa = PBXResourcesBuildPhase;
			buildActionMask = 2147483647;
			files = (
				AE16C0230E760F4800710B6E /* atque.icns in Resources */,
			);
			runOnlyForDeploymentPostprocessing = 0;
		};
/* End PBXResourcesBuildPhase section */

/* Begin PBXSourcesBuildPhase section */
		AE175F2B0E74BA63005BE1E9 /* Sources */ = {
			isa = PBXSourcesBuildPhase;
			buildActionMask = 2147483647;
			files = (
				AE175F470E74BAAA005BE1E9 /* atque.cpp in Sources */,
				AE175F480E74BAAA005BE1E9 /* CLUTResource.cpp in Sources */,
				AE175F490E74BAAA005BE1E9 /* EasyBMP.cpp in Sources */,
				AE175F4A0E74BAAA005BE1E9 /* merge.cpp in Sources */,
				AE175F4B0E74BAAA005BE1E9 /* PICTResource.cpp in Sources */,
				AE175F4C0E74BAAA005BE1E9 /* SndResource.cpp in Sources */,
				AE175F4D0E74BAAA005BE1E9 /* split.cpp in Sources */,
			);
			runOnlyForDeploymentPostprocessing = 0;
		};
/* End PBXSourcesBuildPhase section */

/* Begin XCBuildConfiguration section */
		AE175F210E74BA52005BE1E9 /* Debug */ = {
			isa = XCBuildConfiguration;
			buildSettings = {
				COPY_PHASE_STRIP = NO;
				SDKROOT = /Developer/SDKs/MacOSX10.4u.sdk;
			};
			name = Debug;
		};
		AE175F220E74BA52005BE1E9 /* Release */ = {
			isa = XCBuildConfiguration;
			buildSettings = {
				COPY_PHASE_STRIP = YES;
				SDKROOT = /Developer/SDKs/MacOSX10.4u.sdk;
			};
			name = Release;
		};
		AE175F330E74BA64005BE1E9 /* Debug */ = {
			isa = XCBuildConfiguration;
			buildSettings = {
				ARCHS = (
					i386,
					ppc,
				);
				COPY_PHASE_STRIP = NO;
				GCC_DYNAMIC_NO_PIC = NO;
				GCC_ENABLE_FIX_AND_CONTINUE = YES;
				GCC_GENERATE_DEBUGGING_SYMBOLS = YES;
				GCC_MODEL_TUNING = G5;
				GCC_OPTIMIZATION_LEVEL = 0;
				GCC_PRECOMPILE_PREFIX_HEADER = YES;
				GCC_PREFIX_HEADER = "$(SYSTEM_LIBRARY_DIR)/Frameworks/Carbon.framework/Headers/Carbon.h";
				HEADER_SEARCH_PATHS = (
					/usr/local/include,
					"$(HOME)/Library/Frameworks/libsndfile.framework/Headers",
					/Library/Frameworks/libsndfile.framework/Headers,
				);
				INFOPLIST_FILE = "Atque-Info.plist";
				INSTALL_PATH = "$(HOME)/Applications";
				OTHER_CFLAGS = (
					"-I/usr/local/lib/wx/include/mac-ansi-release-static-2.8",
					"-I/usr/local/include/wx-2.8",
					"-D_FILE_OFFSET_BITS=64",
					"-D_LARGE_FILES",
					"-D__WXMAC__",
				);
				OTHER_LDFLAGS = (
					"-lm",
					/usr/local/lib/libferro.a,
					"-L/usr/local/lib",
					"-framework",
					IOKit,
					"-framework",
					Carbon,
					"-framework",
					Cocoa,
					"-framework",
					System,
					"-framework",
					QuickTime,
					"/usr/local/lib/libwx_mac_richtext-2.8.a",
					"/usr/local/lib/libwx_mac_aui-2.8.a",
					"/usr/local/lib/libwx_mac_xrc-2.8.a",
					"/usr/local/lib/libwx_mac_qa-2.8.a",
					"/usr/local/lib/libwx_mac_html-2.8.a",
					"/usr/local/lib/libwx_mac_adv-2.8.a",
					"/usr/local/lib/libwx_mac_core-2.8.a",
					"/usr/local/lib/libwx_base_carbon_xml-2.8.a",
					"/usr/local/lib/libwx_base_carbon_net-2.8.a",
					"/usr/local/lib/libwx_base_carbon-2.8.a",
					"-framework",
					WebKit,
					"-lwxexpat-2.8",
					"-lwxtiff-2.8",
					"-lwxjpeg-2.8",
					"-lwxpng-2.8",
					"-lz",
					"-lpthread",
					"-liconv",
				);
				PREBINDING = NO;
				PRODUCT_NAME = Atque;
				WRAPPER_EXTENSION = app;
				ZERO_LINK = YES;
			};
			name = Debug;
		};
		AE175F340E74BA64005BE1E9 /* Release */ = {
			isa = XCBuildConfiguration;
			buildSettings = {
				ARCHS = (
					i386,
					ppc,
				);
				COPY_PHASE_STRIP = YES;
				GCC_ENABLE_FIX_AND_CONTINUE = NO;
				GCC_GENERATE_DEBUGGING_SYMBOLS = NO;
				GCC_MODEL_TUNING = G5;
				GCC_PRECOMPILE_PREFIX_HEADER = YES;
				GCC_PREFIX_HEADER = "$(SYSTEM_LIBRARY_DIR)/Frameworks/Carbon.framework/Headers/Carbon.h";
				HEADER_SEARCH_PATHS = (
					/usr/local/include,
					"$(HOME)/Library/Frameworks/libsndfile.framework/Headers",
					/Library/Frameworks/libsndfile.framework/Headers,
				);
				INFOPLIST_FILE = "Atque-Info.plist";
				INSTALL_PATH = "$(HOME)/Applications";
				OTHER_CFLAGS = (
					"-I/usr/local/lib/wx/include/mac-ansi-release-static-2.8",
					"-I/usr/local/include/wx-2.8",
					"-D_FILE_OFFSET_BITS=64",
					"-D_LARGE_FILES",
					"-D__WXMAC__",
				);
				OTHER_LDFLAGS = (
					"-lm",
					/usr/local/lib/libferro.a,
					"-L/usr/local/lib",
					"-framework",
					IOKit,
					"-framework",
					Carbon,
					"-framework",
					Cocoa,
					"-framework",
					System,
					"-framework",
					QuickTime,
					"/usr/local/lib/libwx_mac_richtext-2.8.a",
					"/usr/local/lib/libwx_mac_aui-2.8.a",
					"/usr/local/lib/libwx_mac_xrc-2.8.a",
					"/usr/local/lib/libwx_mac_qa-2.8.a",
					"/usr/local/lib/libwx_mac_html-2.8.a",
					"/usr/local/lib/libwx_mac_adv-2.8.a",
					"/usr/local/lib/libwx_mac_core-2.8.a",
					"/usr/local/lib/libwx_base_carbon_xml-2.8.a",
					"/usr/local/lib/libwx_base_carbon_net-2.8.a",
					"/usr/local/lib/libwx_base_carbon-2.8.a",
					"-framework",
					WebKit,
					"-lwxexpat-2.8",
					"-lwxtiff-2.8",
					"-lwxjpeg-2.8",
					"-lwxpng-2.8",
					"-lz",
					"-lpthread",
					"-liconv",
				);
				PREBINDING = NO;
				PRODUCT_NAME = Atque;
				WRAPPER_EXTENSION = app;
				ZERO_LINK = NO;
			};
			name = Release;
		};
/* End XCBuildConfiguration section */

/* Begin XCConfigurationList section */
		AE175F200E74BA52005BE1E9 /* Build configuration list for PBXProject "atque" */ = {
			isa = XCConfigurationList;
			buildConfigurations = (
				AE175F210E74BA52005BE1E9 /* Debug */,
				AE175F220E74BA52005BE1E9 /* Release */,
			);
			defaultConfigurationIsVisible = 0;
			defaultConfigurationName = Release;
		};
		AE175F320E74BA64005BE1E9 /* Build configuration list for PBXNativeTarget "Atque" */ = {
			isa = XCConfigurationList;
			buildConfigurations = (
				AE175F330E74BA64005BE1E9 /* Debug */,
				AE175F340E74BA64005BE1E9 /* Release */,
			);
			defaultConfigurationIsVisible = 0;
			defaultConfigurationName = Release;
		};
/* End XCConfigurationList section */
	};
	rootObject = AE175F1F0E74BA52005BE1E9 /* Project object */;
}
